{
  "name": "personal-website",
  "version": "1.0.0",
  "lockfileVersion": 1,
  "requires": true,
  "dependencies": {
    "typed.js": {
      "version": "git+https://github.com/mattboldt/typed.js.git#6b1190fb22cd4d8fdc1f0eb8623538d68a1ec3ee",
      "from": "git+https://github.com/mattboldt/typed.js.git"
    }
  }
}
